
Microsoft Visual Studio Solution File, Format Version 12.00
# Visual Studio Version 17
VisualStudioVersion = 17.6.33723.286
MinimumVisualStudioVersion = 10.0.40219.1
Project("{FAE04EC0-301F-11D3-BF4B-00C04F79EFBC}") = "Api_TrabajadoresPrueba", "Api_TrabajadoresPrueba.csproj", "{7E422359-66CE-4272-A03E-DD9473005465}"
EndProject
Project("{FAE04EC0-301F-11D3-BF4B-00C04F79EFBC}") = "DataAccess", "..\DataAccess\DataAccess.csproj", "{AC325F43-1689-436A-B999-B97C690029D2}"
EndProject
Project("{FAE04EC0-301F-11D3-BF4B-00C04F79EFBC}") = "Entities", "..\Entities\Entities.csproj", "{50711C85-96FA-40A9-B560-F29703D81B76}"
EndProject
Project("{FAE04EC0-301F-11D3-BF4B-00C04F79EFBC}") = "Repositories", "..\Repositories\Repositories.csproj", "{C8EAE5E0-D789-4519-A396-76EFBF3D1C29}"
EndProject
Project("{FAE04EC0-301F-11D3-BF4B-00C04F79EFBC}") = "Dtos", "..\Dtos\Dtos.csproj", "{9DD24611-4496-4021-BCAE-2C9FF1DEDF75}"
EndProject
Global
	GlobalSection(SolutionConfigurationPlatforms) = preSolution
		Debug|Any CPU = Debug|Any CPU
		Release|Any CPU = Release|Any CPU
	EndGlobalSection
	GlobalSection(ProjectConfigurationPlatforms) = postSolution
		{7E422359-66CE-4272-A03E-DD9473005465}.Debug|Any CPU.ActiveCfg = Debug|Any CPU
		{7E422359-66CE-4272-A03E-DD9473005465}.Debug|Any CPU.Build.0 = Debug|Any CPU
		{7E422359-66CE-4272-A03E-DD9473005465}.Release|Any CPU.ActiveCfg = Release|Any CPU
		{7E422359-66CE-4272-A03E-DD9473005465}.Release|Any CPU.Build.0 = Release|Any CPU
		{AC325F43-1689-436A-B999-B97C690029D2}.Debug|Any CPU.ActiveCfg = Debug|Any CPU
		{AC325F43-1689-436A-B999-B97C690029D2}.Debug|Any CPU.Build.0 = Debug|Any CPU
		{AC325F43-1689-436A-B999-B97C690029D2}.Release|Any CPU.ActiveCfg = Release|Any CPU
		{AC325F43-1689-436A-B999-B97C690029D2}.Release|Any CPU.Build.0 = Release|Any CPU
		{50711C85-96FA-40A9-B560-F29703D81B76}.Debug|Any CPU.ActiveCfg = Debug|Any CPU
		{50711C85-96FA-40A9-B560-F29703D81B76}.Debug|Any CPU.Build.0 = Debug|Any CPU
		{50711C85-96FA-40A9-B560-F29703D81B76}.Release|Any CPU.ActiveCfg = Release|Any CPU
		{50711C85-96FA-40A9-B560-F29703D81B76}.Release|Any CPU.Build.0 = Release|Any CPU
		{C8EAE5E0-D789-4519-A396-76EFBF3D1C29}.Debug|Any CPU.ActiveCfg = Debug|Any CPU
		{C8EAE5E0-D789-4519-A396-76EFBF3D1C29}.Debug|Any CPU.Build.0 = Debug|Any CPU
		{C8EAE5E0-D789-4519-A396-76EFBF3D1C29}.Release|Any CPU.ActiveCfg = Release|Any CPU
		{C8EAE5E0-D789-4519-A396-76EFBF3D1C29}.Release|Any CPU.Build.0 = Release|Any CPU
		{9DD24611-4496-4021-BCAE-2C9FF1DEDF75}.Debug|Any CPU.ActiveCfg = Debug|Any CPU
		{9DD24611-4496-4021-BCAE-2C9FF1DEDF75}.Debug|Any CPU.Build.0 = Debug|Any CPU
		{9DD24611-4496-4021-BCAE-2C9FF1DEDF75}.Release|Any CPU.ActiveCfg = Release|Any CPU
		{9DD24611-4496-4021-BCAE-2C9FF1DEDF75}.Release|Any CPU.Build.0 = Release|Any CPU
	EndGlobalSection
	GlobalSection(SolutionProperties) = preSolution
		HideSolutionNode = FALSE
	EndGlobalSection
	GlobalSection(ExtensibilityGlobals) = postSolution
		SolutionGuid = {55A8987E-8951-47EE-9C81-9B08AA60452E}
	EndGlobalSection
EndGlobal
